
Microsoft Visual Studio Solution File, Format Version 12.00
# Visual Studio 14
VisualStudioVersion = 14.0.25420.1
MinimumVisualStudioVersion = 10.0.40219.1
Project("{FAE04EC0-301F-11D3-BF4B-00C04F79EFBC}") = "HelloXamarin.Droid", "HelloXamarin\HelloXamarin.Droid\HelloXamarin.Droid.csproj", "{115463AA-F375-4AAC-95FA-58E7EED39DEB}"
EndProject
Project("{FAE04EC0-301F-11D3-BF4B-00C04F79EFBC}") = "HelloXamarin.iOS", "HelloXamarin\HelloXamarin.iOS\HelloXamarin.iOS.csproj", "{54F5B076-D3D1-4584-A5EE-398870186C1C}"
EndProject
Project("{FAE04EC0-301F-11D3-BF4B-00C04F79EFBC}") = "HelloXamarin.WinPhone", "HelloXamarin\HelloXamarin.WinPhone\HelloXamarin.WinPhone.csproj", "{746B1D91-4A97-40F7-8845-2AE72D2FE96C}"
EndProject
Project("{FAE04EC0-301F-11D3-BF4B-00C04F79EFBC}") = "HelloXamarin.UWP", "HelloXamarin\HelloXamarin.UWP\HelloXamarin.UWP.csproj", "{B0ABCE71-7B0D-4E34-88C2-8651A171135F}"
EndProject
Project("{FAE04EC0-301F-11D3-BF4B-00C04F79EFBC}") = "HelloXamarin.Windows", "HelloXamarin\HelloXamarin.Windows\HelloXamarin.Windows.csproj", "{E82E09A6-3819-4AE4-B8FD-44230052D23A}"
EndProject
Project("{FAE04EC0-301F-11D3-BF4B-00C04F79EFBC}") = "HelloXamarin", "HelloXamarin\HelloXamarin\HelloXamarin.csproj", "{F2020898-55A4-45D0-A31F-CBED93D8F585}"
EndProject
Global
	GlobalSection(SolutionConfigurationPlatforms) = preSolution
		Ad-Hoc|Any CPU = Ad-Hoc|Any CPU
		Ad-Hoc|ARM = Ad-Hoc|ARM
		Ad-Hoc|iPhone = Ad-Hoc|iPhone
		Ad-Hoc|iPhoneSimulator = Ad-Hoc|iPhoneSimulator
		Ad-Hoc|x64 = Ad-Hoc|x64
		Ad-Hoc|x86 = Ad-Hoc|x86
		AppStore|Any CPU = AppStore|Any CPU
		AppStore|ARM = AppStore|ARM
		AppStore|iPhone = AppStore|iPhone
		AppStore|iPhoneSimulator = AppStore|iPhoneSimulator
		AppStore|x64 = AppStore|x64
		AppStore|x86 = AppStore|x86
		Debug|Any CPU = Debug|Any CPU
		Debug|ARM = Debug|ARM
		Debug|iPhone = Debug|iPhone
		Debug|iPhoneSimulator = Debug|iPhoneSimulator
		Debug|x64 = Debug|x64
		Debug|x86 = Debug|x86
		Release|Any CPU = Release|Any CPU
		Release|ARM = Release|ARM
		Release|iPhone = Release|iPhone
		Release|iPhoneSimulator = Release|iPhoneSimulator
		Release|x64 = Release|x64
		Release|x86 = Release|x86
	EndGlobalSection
	GlobalSection(ProjectConfigurationPlatforms) = postSolution
		{115463AA-F375-4AAC-95FA-58E7EED39DEB}.Ad-Hoc|Any CPU.ActiveCfg = Release|Any CPU
		{115463AA-F375-4AAC-95FA-58E7EED39DEB}.Ad-Hoc|Any CPU.Build.0 = Release|Any CPU
		{115463AA-F375-4AAC-95FA-58E7EED39DEB}.Ad-Hoc|Any CPU.Deploy.0 = Release|Any CPU
		{115463AA-F375-4AAC-95FA-58E7EED39DEB}.Ad-Hoc|ARM.ActiveCfg = Release|Any CPU
		{115463AA-F375-4AAC-95FA-58E7EED39DEB}.Ad-Hoc|ARM.Build.0 = Release|Any CPU
		{115463AA-F375-4AAC-95FA-58E7EED39DEB}.Ad-Hoc|ARM.Deploy.0 = Release|Any CPU
		{115463AA-F375-4AAC-95FA-58E7EED39DEB}.Ad-Hoc|iPhone.ActiveCfg = Release|Any CPU
		{115463AA-F375-4AAC-95FA-58E7EED39DEB}.Ad-Hoc|iPhone.Build.0 = Release|Any CPU
		{115463AA-F375-4AAC-95FA-58E7EED39DEB}.Ad-Hoc|iPhone.Deploy.0 = Release|Any CPU
		{115463AA-F375-4AAC-95FA-58E7EED39DEB}.Ad-Hoc|iPhoneSimulator.ActiveCfg = Release|Any CPU
		{115463AA-F375-4AAC-95FA-58E7EED39DEB}.Ad-Hoc|iPhoneSimulator.Build.0 = Release|Any CPU
		{115463AA-F375-4AAC-95FA-58E7EED39DEB}.Ad-Hoc|iPhoneSimulator.Deploy.0 = Release|Any CPU
		{115463AA-F375-4AAC-95FA-58E7EED39DEB}.Ad-Hoc|x64.ActiveCfg = Release|Any CPU
		{115463AA-F375-4AAC-95FA-58E7EED39DEB}.Ad-Hoc|x64.Build.0 = Release|Any CPU
		{115463AA-F375-4AAC-95FA-58E7EED39DEB}.Ad-Hoc|x64.Deploy.0 = Release|Any CPU
		{115463AA-F375-4AAC-95FA-58E7EED39DEB}.Ad-Hoc|x86.ActiveCfg = Release|Any CPU
		{115463AA-F375-4AAC-95FA-58E7EED39DEB}.Ad-Hoc|x86.Build.0 = Release|Any CPU
		{115463AA-F375-4AAC-95FA-58E7EED39DEB}.Ad-Hoc|x86.Deploy.0 = Release|Any CPU
		{115463AA-F375-4AAC-95FA-58E7EED39DEB}.AppStore|Any CPU.ActiveCfg = Release|Any CPU
		{115463AA-F375-4AAC-95FA-58E7EED39DEB}.AppStore|Any CPU.Build.0 = Release|Any CPU
		{115463AA-F375-4AAC-95FA-58E7EED39DEB}.AppStore|Any CPU.Deploy.0 = Release|Any CPU
		{115463AA-F375-4AAC-95FA-58E7EED39DEB}.AppStore|ARM.ActiveCfg = Release|Any CPU
		{115463AA-F375-4AAC-95FA-58E7EED39DEB}.AppStore|ARM.Build.0 = Release|Any CPU
		{115463AA-F375-4AAC-95FA-58E7EED39DEB}.AppStore|ARM.Deploy.0 = Release|Any CPU
		{115463AA-F375-4AAC-95FA-58E7EED39DEB}.AppStore|iPhone.ActiveCfg = Release|Any CPU
		{115463AA-F375-4AAC-95FA-58E7EED39DEB}.AppStore|iPhone.Build.0 = Release|Any CPU
		{115463AA-F375-4AAC-95FA-58E7EED39DEB}.AppStore|iPhone.Deploy.0 = Release|Any CPU
		{115463AA-F375-4AAC-95FA-58E7EED39DEB}.AppStore|iPhoneSimulator.ActiveCfg = Release|Any CPU
		{115463AA-F375-4AAC-95FA-58E7EED39DEB}.AppStore|iPhoneSimulator.Build.0 = Release|Any CPU
		{115463AA-F375-4AAC-95FA-58E7EED39DEB}.AppStore|iPhoneSimulator.Deploy.0 = Release|Any CPU
		{115463AA-F375-4AAC-95FA-58E7EED39DEB}.AppStore|x64.ActiveCfg = Release|Any CPU
		{115463AA-F375-4AAC-95FA-58E7EED39DEB}.AppStore|x64.Build.0 = Release|Any CPU
		{115463AA-F375-4AAC-95FA-58E7EED39DEB}.AppStore|x64.Deploy.0 = Release|Any CPU
		{115463AA-F375-4AAC-95FA-58E7EED39DEB}.AppStore|x86.ActiveCfg = Release|Any CPU
		{115463AA-F375-4AAC-95FA-58E7EED39DEB}.AppStore|x86.Build.0 = Release|Any CPU
		{115463AA-F375-4AAC-95FA-58E7EED39DEB}.AppStore|x86.Deploy.0 = Release|Any CPU
		{115463AA-F375-4AAC-95FA-58E7EED39DEB}.Debug|Any CPU.ActiveCfg = Debug|Any CPU
		{115463AA-F375-4AAC-95FA-58E7EED39DEB}.Debug|Any CPU.Build.0 = Debug|Any CPU
		{115463AA-F375-4AAC-95FA-58E7EED39DEB}.Debug|Any CPU.Deploy.0 = Debug|Any CPU
		{115463AA-F375-4AAC-95FA-58E7EED39DEB}.Debug|ARM.ActiveCfg = Debug|Any CPU
		{115463AA-F375-4AAC-95FA-58E7EED39DEB}.Debug|ARM.Build.0 = Debug|Any CPU
		{115463AA-F375-4AAC-95FA-58E7EED39DEB}.Debug|ARM.Deploy.0 = Debug|Any CPU
		{115463AA-F375-4AAC-95FA-58E7EED39DEB}.Debug|iPhone.ActiveCfg = Debug|Any CPU
		{115463AA-F375-4AAC-95FA-58E7EED39DEB}.Debug|iPhone.Build.0 = Debug|Any CPU
		{115463AA-F375-4AAC-95FA-58E7EED39DEB}.Debug|iPhone.Deploy.0 = Debug|Any CPU
		{115463AA-F375-4AAC-95FA-58E7EED39DEB}.Debug|iPhoneSimulator.ActiveCfg = Debug|Any CPU
		{115463AA-F375-4AAC-95FA-58E7EED39DEB}.Debug|iPhoneSimulator.Build.0 = Debug|Any CPU
		{115463AA-F375-4AAC-95FA-58E7EED39DEB}.Debug|iPhoneSimulator.Deploy.0 = Debug|Any CPU
		{115463AA-F375-4AAC-95FA-58E7EED39DEB}.Debug|x64.ActiveCfg = Debug|Any CPU
		{115463AA-F375-4AAC-95FA-58E7EED39DEB}.Debug|x64.Build.0 = Debug|Any CPU
		{115463AA-F375-4AAC-95FA-58E7EED39DEB}.Debug|x64.Deploy.0 = Debug|Any CPU
		{115463AA-F375-4AAC-95FA-58E7EED39DEB}.Debug|x86.ActiveCfg = Debug|Any CPU
		{115463AA-F375-4AAC-95FA-58E7EED39DEB}.Debug|x86.Build.0 = Debug|Any CPU
		{115463AA-F375-4AAC-95FA-58E7EED39DEB}.Debug|x86.Deploy.0 = Debug|Any CPU
		{115463AA-F375-4AAC-95FA-58E7EED39DEB}.Release|Any CPU.ActiveCfg = Release|Any CPU
		{115463AA-F375-4AAC-95FA-58E7EED39DEB}.Release|Any CPU.Build.0 = Release|Any CPU
		{115463AA-F375-4AAC-95FA-58E7EED39DEB}.Release|Any CPU.Deploy.0 = Release|Any CPU
		{115463AA-F375-4AAC-95FA-58E7EED39DEB}.Release|ARM.ActiveCfg = Release|Any CPU
		{115463AA-F375-4AAC-95FA-58E7EED39DEB}.Release|ARM.Build.0 = Release|Any CPU
		{115463AA-F375-4AAC-95FA-58E7EED39DEB}.Release|ARM.Deploy.0 = Release|Any CPU
		{115463AA-F375-4AAC-95FA-58E7EED39DEB}.Release|iPhone.ActiveCfg = Release|Any CPU
		{115463AA-F375-4AAC-95FA-58E7EED39DEB}.Release|iPhone.Build.0 = Release|Any CPU
		{115463AA-F375-4AAC-95FA-58E7EED39DEB}.Release|iPhone.Deploy.0 = Release|Any CPU
		{115463AA-F375-4AAC-95FA-58E7EED39DEB}.Release|iPhoneSimulator.ActiveCfg = Release|Any CPU
		{115463AA-F375-4AAC-95FA-58E7EED39DEB}.Release|iPhoneSimulator.Build.0 = Release|Any CPU
		{115463AA-F375-4AAC-95FA-58E7EED39DEB}.Release|iPhoneSimulator.Deploy.0 = Release|Any CPU
		{115463AA-F375-4AAC-95FA-58E7EED39DEB}.Release|x64.ActiveCfg = Release|Any CPU
		{115463AA-F375-4AAC-95FA-58E7EED39DEB}.Release|x64.Build.0 = Release|Any CPU
		{115463AA-F375-4AAC-95FA-58E7EED39DEB}.Release|x64.Deploy.0 = Release|Any CPU
		{115463AA-F375-4AAC-95FA-58E7EED39DEB}.Release|x86.ActiveCfg = Release|Any CPU
		{115463AA-F375-4AAC-95FA-58E7EED39DEB}.Release|x86.Build.0 = Release|Any CPU
		{115463AA-F375-4AAC-95FA-58E7EED39DEB}.Release|x86.Deploy.0 = Release|Any CPU
		{54F5B076-D3D1-4584-A5EE-398870186C1C}.Ad-Hoc|Any CPU.ActiveCfg = Ad-Hoc|iPhone
		{54F5B076-D3D1-4584-A5EE-398870186C1C}.Ad-Hoc|ARM.ActiveCfg = Ad-Hoc|iPhone
		{54F5B076-D3D1-4584-A5EE-398870186C1C}.Ad-Hoc|iPhone.ActiveCfg = Ad-Hoc|iPhone
		{54F5B076-D3D1-4584-A5EE-398870186C1C}.Ad-Hoc|iPhone.Build.0 = Ad-Hoc|iPhone
		{54F5B076-D3D1-4584-A5EE-398870186C1C}.Ad-Hoc|iPhoneSimulator.ActiveCfg = Ad-Hoc|iPhoneSimulator
		{54F5B076-D3D1-4584-A5EE-398870186C1C}.Ad-Hoc|iPhoneSimulator.Build.0 = Ad-Hoc|iPhoneSimulator
		{54F5B076-D3D1-4584-A5EE-398870186C1C}.Ad-Hoc|x64.ActiveCfg = Ad-Hoc|iPhone
		{54F5B076-D3D1-4584-A5EE-398870186C1C}.Ad-Hoc|x86.ActiveCfg = Ad-Hoc|iPhone
		{54F5B076-D3D1-4584-A5EE-398870186C1C}.AppStore|Any CPU.ActiveCfg = AppStore|iPhone
		{54F5B076-D3D1-4584-A5EE-398870186C1C}.AppStore|ARM.ActiveCfg = AppStore|iPhone
		{54F5B076-D3D1-4584-A5EE-398870186C1C}.AppStore|iPhone.ActiveCfg = AppStore|iPhone
		{54F5B076-D3D1-4584-A5EE-398870186C1C}.AppStore|iPhone.Build.0 = AppStore|iPhone
		{54F5B076-D3D1-4584-A5EE-398870186C1C}.AppStore|iPhoneSimulator.ActiveCfg = AppStore|iPhoneSimulator
		{54F5B076-D3D1-4584-A5EE-398870186C1C}.AppStore|iPhoneSimulator.Build.0 = AppStore|iPhoneSimulator
		{54F5B076-D3D1-4584-A5EE-398870186C1C}.AppStore|x64.ActiveCfg = AppStore|iPhone
		{54F5B076-D3D1-4584-A5EE-398870186C1C}.AppStore|x86.ActiveCfg = AppStore|iPhone
		{54F5B076-D3D1-4584-A5EE-398870186C1C}.Debug|Any CPU.ActiveCfg = Debug|iPhone
		{54F5B076-D3D1-4584-A5EE-398870186C1C}.Debug|ARM.ActiveCfg = Debug|iPhone
		{54F5B076-D3D1-4584-A5EE-398870186C1C}.Debug|iPhone.ActiveCfg = Debug|iPhone
		{54F5B076-D3D1-4584-A5EE-398870186C1C}.Debug|iPhone.Build.0 = Debug|iPhone
		{54F5B076-D3D1-4584-A5EE-398870186C1C}.Debug|iPhoneSimulator.ActiveCfg = Debug|iPhoneSimulator
		{54F5B076-D3D1-4584-A5EE-398870186C1C}.Debug|iPhoneSimulator.Build.0 = Debug|iPhoneSimulator
		{54F5B076-D3D1-4584-A5EE-398870186C1C}.Debug|x64.ActiveCfg = Debug|iPhone
		{54F5B076-D3D1-4584-A5EE-398870186C1C}.Debug|x86.ActiveCfg = Debug|iPhone
		{54F5B076-D3D1-4584-A5EE-398870186C1C}.Release|Any CPU.ActiveCfg = Release|iPhone
		{54F5B076-D3D1-4584-A5EE-398870186C1C}.Release|ARM.ActiveCfg = Release|iPhone
		{54F5B076-D3D1-4584-A5EE-398870186C1C}.Release|iPhone.ActiveCfg = Release|iPhone
		{54F5B076-D3D1-4584-A5EE-398870186C1C}.Release|iPhone.Build.0 = Release|iPhone
		{54F5B076-D3D1-4584-A5EE-398870186C1C}.Release|iPhoneSimulator.ActiveCfg = Release|iPhoneSimulator
		{54F5B076-D3D1-4584-A5EE-398870186C1C}.Release|iPhoneSimulator.Build.0 = Release|iPhoneSimulator
		{54F5B076-D3D1-4584-A5EE-398870186C1C}.Release|x64.ActiveCfg = Release|iPhone
		{54F5B076-D3D1-4584-A5EE-398870186C1C}.Release|x86.ActiveCfg = Release|iPhone
		{746B1D91-4A97-40F7-8845-2AE72D2FE96C}.Ad-Hoc|Any CPU.ActiveCfg = Release|Any CPU
		{746B1D91-4A97-40F7-8845-2AE72D2FE96C}.Ad-Hoc|Any CPU.Build.0 = Release|Any CPU
		{746B1D91-4A97-40F7-8845-2AE72D2FE96C}.Ad-Hoc|Any CPU.Deploy.0 = Release|Any CPU
		{746B1D91-4A97-40F7-8845-2AE72D2FE96C}.Ad-Hoc|ARM.ActiveCfg = Release|ARM
		{746B1D91-4A97-40F7-8845-2AE72D2FE96C}.Ad-Hoc|ARM.Build.0 = Release|ARM
		{746B1D91-4A97-40F7-8845-2AE72D2FE96C}.Ad-Hoc|ARM.Deploy.0 = Release|ARM
		{746B1D91-4A97-40F7-8845-2AE72D2FE96C}.Ad-Hoc|iPhone.ActiveCfg = Release|Any CPU
		{746B1D91-4A97-40F7-8845-2AE72D2FE96C}.Ad-Hoc|iPhone.Build.0 = Release|Any CPU
		{746B1D91-4A97-40F7-8845-2AE72D2FE96C}.Ad-Hoc|iPhone.Deploy.0 = Release|Any CPU
		{746B1D91-4A97-40F7-8845-2AE72D2FE96C}.Ad-Hoc|iPhoneSimulator.ActiveCfg = Release|Any CPU
		{746B1D91-4A97-40F7-8845-2AE72D2FE96C}.Ad-Hoc|iPhoneSimulator.Build.0 = Release|Any CPU
		{746B1D91-4A97-40F7-8845-2AE72D2FE96C}.Ad-Hoc|iPhoneSimulator.Deploy.0 = Release|Any CPU
		{746B1D91-4A97-40F7-8845-2AE72D2FE96C}.Ad-Hoc|x64.ActiveCfg = Release|Any CPU
		{746B1D91-4A97-40F7-8845-2AE72D2FE96C}.Ad-Hoc|x64.Build.0 = Release|Any CPU
		{746B1D91-4A97-40F7-8845-2AE72D2FE96C}.Ad-Hoc|x64.Deploy.0 = Release|Any CPU
		{746B1D91-4A97-40F7-8845-2AE72D2FE96C}.Ad-Hoc|x86.ActiveCfg = Release|x86
		{746B1D91-4A97-40F7-8845-2AE72D2FE96C}.Ad-Hoc|x86.Build.0 = Release|x86
		{746B1D91-4A97-40F7-8845-2AE72D2FE96C}.Ad-Hoc|x86.Deploy.0 = Release|x86
		{746B1D91-4A97-40F7-8845-2AE72D2FE96C}.AppStore|Any CPU.ActiveCfg = Release|Any CPU
		{746B1D91-4A97-40F7-8845-2AE72D2FE96C}.AppStore|Any CPU.Build.0 = Release|Any CPU
		{746B1D91-4A97-40F7-8845-2AE72D2FE96C}.AppStore|Any CPU.Deploy.0 = Release|Any CPU
		{746B1D91-4A97-40F7-8845-2AE72D2FE96C}.AppStore|ARM.ActiveCfg = Release|ARM
		{746B1D91-4A97-40F7-8845-2AE72D2FE96C}.AppStore|ARM.Build.0 = Release|ARM
		{746B1D91-4A97-40F7-8845-2AE72D2FE96C}.AppStore|ARM.Deploy.0 = Release|ARM
		{746B1D91-4A97-40F7-8845-2AE72D2FE96C}.AppStore|iPhone.ActiveCfg = Release|Any CPU
		{746B1D91-4A97-40F7-8845-2AE72D2FE96C}.AppStore|iPhone.Build.0 = Release|Any CPU
		{746B1D91-4A97-40F7-8845-2AE72D2FE96C}.AppStore|iPhone.Deploy.0 = Release|Any CPU
		{746B1D91-4A97-40F7-8845-2AE72D2FE96C}.AppStore|iPhoneSimulator.ActiveCfg = Release|Any CPU
		{746B1D91-4A97-40F7-8845-2AE72D2FE96C}.AppStore|iPhoneSimulator.Build.0 = Release|Any CPU
		{746B1D91-4A97-40F7-8845-2AE72D2FE96C}.AppStore|iPhoneSimulator.Deploy.0 = Release|Any CPU
		{746B1D91-4A97-40F7-8845-2AE72D2FE96C}.AppStore|x64.ActiveCfg = Release|Any CPU
		{746B1D91-4A97-40F7-8845-2AE72D2FE96C}.AppStore|x64.Build.0 = Release|Any CPU
		{746B1D91-4A97-40F7-8845-2AE72D2FE96C}.AppStore|x64.Deploy.0 = Release|Any CPU
		{746B1D91-4A97-40F7-8845-2AE72D2FE96C}.AppStore|x86.ActiveCfg = Release|x86
		{746B1D91-4A97-40F7-8845-2AE72D2FE96C}.AppStore|x86.Build.0 = Release|x86
		{746B1D91-4A97-40F7-8845-2AE72D2FE96C}.AppStore|x86.Deploy.0 = Release|x86
		{746B1D91-4A97-40F7-8845-2AE72D2FE96C}.Debug|Any CPU.ActiveCfg = Debug|Any CPU
		{746B1D91-4A97-40F7-8845-2AE72D2FE96C}.Debug|Any CPU.Build.0 = Debug|Any CPU
		{746B1D91-4A97-40F7-8845-2AE72D2FE96C}.Debug|Any CPU.Deploy.0 = Debug|Any CPU
		{746B1D91-4A97-40F7-8845-2AE72D2FE96C}.Debug|ARM.ActiveCfg = Debug|ARM
		{746B1D91-4A97-40F7-8845-2AE72D2FE96C}.Debug|ARM.Build.0 = Debug|ARM
		{746B1D91-4A97-40F7-8845-2AE72D2FE96C}.Debug|ARM.Deploy.0 = Debug|ARM
		{746B1D91-4A97-40F7-8845-2AE72D2FE96C}.Debug|iPhone.ActiveCfg = Debug|Any CPU
		{746B1D91-4A97-40F7-8845-2AE72D2FE96C}.Debug|iPhone.Build.0 = Debug|Any CPU
		{746B1D91-4A97-40F7-8845-2AE72D2FE96C}.Debug|iPhone.Deploy.0 = Debug|Any CPU
		{746B1D91-4A97-40F7-8845-2AE72D2FE96C}.Debug|iPhoneSimulator.ActiveCfg = Debug|Any CPU
		{746B1D91-4A97-40F7-8845-2AE72D2FE96C}.Debug|iPhoneSimulator.Build.0 = Debug|Any CPU
		{746B1D91-4A97-40F7-8845-2AE72D2FE96C}.Debug|iPhoneSimulator.Deploy.0 = Debug|Any CPU
		{746B1D91-4A97-40F7-8845-2AE72D2FE96C}.Debug|x64.ActiveCfg = Debug|Any CPU
		{746B1D91-4A97-40F7-8845-2AE72D2FE96C}.Debug|x64.Build.0 = Debug|Any CPU
		{746B1D91-4A97-40F7-8845-2AE72D2FE96C}.Debug|x64.Deploy.0 = Debug|Any CPU
		{746B1D91-4A97-40F7-8845-2AE72D2FE96C}.Debug|x86.ActiveCfg = Debug|x86
		{746B1D91-4A97-40F7-8845-2AE72D2FE96C}.Debug|x86.Build.0 = Debug|x86
		{746B1D91-4A97-40F7-8845-2AE72D2FE96C}.Debug|x86.Deploy.0 = Debug|x86
		{746B1D91-4A97-40F7-8845-2AE72D2FE96C}.Release|Any CPU.ActiveCfg = Release|Any CPU
		{746B1D91-4A97-40F7-8845-2AE72D2FE96C}.Release|Any CPU.Build.0 = Release|Any CPU
		{746B1D91-4A97-40F7-8845-2AE72D2FE96C}.Release|Any CPU.Deploy.0 = Release|Any CPU
		{746B1D91-4A97-40F7-8845-2AE72D2FE96C}.Release|ARM.ActiveCfg = Release|ARM
		{746B1D91-4A97-40F7-8845-2AE72D2FE96C}.Release|ARM.Build.0 = Release|ARM
		{746B1D91-4A97-40F7-8845-2AE72D2FE96C}.Release|ARM.Deploy.0 = Release|ARM
		{746B1D91-4A97-40F7-8845-2AE72D2FE96C}.Release|iPhone.ActiveCfg = Release|Any CPU
		{746B1D91-4A97-40F7-8845-2AE72D2FE96C}.Release|iPhone.Build.0 = Release|Any CPU
		{746B1D91-4A97-40F7-8845-2AE72D2FE96C}.Release|iPhone.Deploy.0 = Release|Any CPU
		{746B1D91-4A97-40F7-8845-2AE72D2FE96C}.Release|iPhoneSimulator.ActiveCfg = Release|Any CPU
		{746B1D91-4A97-40F7-8845-2AE72D2FE96C}.Release|iPhoneSimulator.Build.0 = Release|Any CPU
		{746B1D91-4A97-40F7-8845-2AE72D2FE96C}.Release|iPhoneSimulator.Deploy.0 = Release|Any CPU
		{746B1D91-4A97-40F7-8845-2AE72D2FE96C}.Release|x64.ActiveCfg = Release|Any CPU
		{746B1D91-4A97-40F7-8845-2AE72D2FE96C}.Release|x64.Build.0 = Release|Any CPU
		{746B1D91-4A97-40F7-8845-2AE72D2FE96C}.Release|x64.Deploy.0 = Release|Any CPU
		{746B1D91-4A97-40F7-8845-2AE72D2FE96C}.Release|x86.ActiveCfg = Release|x86
		{746B1D91-4A97-40F7-8845-2AE72D2FE96C}.Release|x86.Build.0 = Release|x86
		{746B1D91-4A97-40F7-8845-2AE72D2FE96C}.Release|x86.Deploy.0 = Release|x86
		{B0ABCE71-7B0D-4E34-88C2-8651A171135F}.Ad-Hoc|Any CPU.ActiveCfg = Release|x86
		{B0ABCE71-7B0D-4E34-88C2-8651A171135F}.Ad-Hoc|Any CPU.Build.0 = Release|x86
		{B0ABCE71-7B0D-4E34-88C2-8651A171135F}.Ad-Hoc|Any CPU.Deploy.0 = Release|x86
		{B0ABCE71-7B0D-4E34-88C2-8651A171135F}.Ad-Hoc|ARM.ActiveCfg = Release|ARM
		{B0ABCE71-7B0D-4E34-88C2-8651A171135F}.Ad-Hoc|ARM.Build.0 = Release|ARM
		{B0ABCE71-7B0D-4E34-88C2-8651A171135F}.Ad-Hoc|ARM.Deploy.0 = Release|ARM
		{B0ABCE71-7B0D-4E34-88C2-8651A171135F}.Ad-Hoc|iPhone.ActiveCfg = Release|x86
		{B0ABCE71-7B0D-4E34-88C2-8651A171135F}.Ad-Hoc|iPhone.Build.0 = Release|x86
		{B0ABCE71-7B0D-4E34-88C2-8651A171135F}.Ad-Hoc|iPhone.Deploy.0 = Release|x86
		{B0ABCE71-7B0D-4E34-88C2-8651A171135F}.Ad-Hoc|iPhoneSimulator.ActiveCfg = Release|x86
		{B0ABCE71-7B0D-4E34-88C2-8651A171135F}.Ad-Hoc|iPhoneSimulator.Build.0 = Release|x86
		{B0ABCE71-7B0D-4E34-88C2-8651A171135F}.Ad-Hoc|iPhoneSimulator.Deploy.0 = Release|x86
		{B0ABCE71-7B0D-4E34-88C2-8651A171135F}.Ad-Hoc|x64.ActiveCfg = Release|x64
		{B0ABCE71-7B0D-4E34-88C2-8651A171135F}.Ad-Hoc|x64.Build.0 = Release|x64
		{B0ABCE71-7B0D-4E34-88C2-8651A171135F}.Ad-Hoc|x64.Deploy.0 = Release|x64
		{B0ABCE71-7B0D-4E34-88C2-8651A171135F}.Ad-Hoc|x86.ActiveCfg = Release|x86
		{B0ABCE71-7B0D-4E34-88C2-8651A171135F}.Ad-Hoc|x86.Build.0 = Release|x86
		{B0ABCE71-7B0D-4E34-88C2-8651A171135F}.Ad-Hoc|x86.Deploy.0 = Release|x86
		{B0ABCE71-7B0D-4E34-88C2-8651A171135F}.AppStore|Any CPU.ActiveCfg = Release|x86
		{B0ABCE71-7B0D-4E34-88C2-8651A171135F}.AppStore|Any CPU.Build.0 = Release|x86
		{B0ABCE71-7B0D-4E34-88C2-8651A171135F}.AppStore|Any CPU.Deploy.0 = Release|x86
		{B0ABCE71-7B0D-4E34-88C2-8651A171135F}.AppStore|ARM.ActiveCfg = Release|ARM
		{B0ABCE71-7B0D-4E34-88C2-8651A171135F}.AppStore|ARM.Build.0 = Release|ARM
		{B0ABCE71-7B0D-4E34-88C2-8651A171135F}.AppStore|ARM.Deploy.0 = Release|ARM
		{B0ABCE71-7B0D-4E34-88C2-8651A171135F}.AppStore|iPhone.ActiveCfg = Release|x86
		{B0ABCE71-7B0D-4E34-88C2-8651A171135F}.AppStore|iPhone.Build.0 = Release|x86
		{B0ABCE71-7B0D-4E34-88C2-8651A171135F}.AppStore|iPhone.Deploy.0 = Release|x86
		{B0ABCE71-7B0D-4E34-88C2-8651A171135F}.AppStore|iPhoneSimulator.ActiveCfg = Release|x86
		{B0ABCE71-7B0D-4E34-88C2-8651A171135F}.AppStore|iPhoneSimulator.Build.0 = Release|x86
		{B0ABCE71-7B0D-4E34-88C2-8651A171135F}.AppStore|iPhoneSimulator.Deploy.0 = Release|x86
		{B0ABCE71-7B0D-4E34-88C2-8651A171135F}.AppStore|x64.ActiveCfg = Release|x64
		{B0ABCE71-7B0D-4E34-88C2-8651A171135F}.AppStore|x64.Build.0 = Release|x64
		{B0ABCE71-7B0D-4E34-88C2-8651A171135F}.AppStore|x64.Deploy.0 = Release|x64
		{B0ABCE71-7B0D-4E34-88C2-8651A171135F}.AppStore|x86.ActiveCfg = Release|x86
		{B0ABCE71-7B0D-4E34-88C2-8651A171135F}.AppStore|x86.Build.0 = Release|x86
		{B0ABCE71-7B0D-4E34-88C2-8651A171135F}.AppStore|x86.Deploy.0 = Release|x86
		{B0ABCE71-7B0D-4E34-88C2-8651A171135F}.Debug|Any CPU.ActiveCfg = Debug|x86
		{B0ABCE71-7B0D-4E34-88C2-8651A171135F}.Debug|ARM.ActiveCfg = Debug|ARM
		{B0ABCE71-7B0D-4E34-88C2-8651A171135F}.Debug|ARM.Build.0 = Debug|ARM
		{B0ABCE71-7B0D-4E34-88C2-8651A171135F}.Debug|ARM.Deploy.0 = Debug|ARM
		{B0ABCE71-7B0D-4E34-88C2-8651A171135F}.Debug|iPhone.ActiveCfg = Debug|x86
		{B0ABCE71-7B0D-4E34-88C2-8651A171135F}.Debug|iPhoneSimulator.ActiveCfg = Debug|x86
		{B0ABCE71-7B0D-4E34-88C2-8651A171135F}.Debug|x64.ActiveCfg = Debug|x64
		{B0ABCE71-7B0D-4E34-88C2-8651A171135F}.Debug|x64.Build.0 = Debug|x64
		{B0ABCE71-7B0D-4E34-88C2-8651A171135F}.Debug|x64.Deploy.0 = Debug|x64
		{B0ABCE71-7B0D-4E34-88C2-8651A171135F}.Debug|x86.ActiveCfg = Debug|x86
		{B0ABCE71-7B0D-4E34-88C2-8651A171135F}.Debug|x86.Build.0 = Debug|x86
		{B0ABCE71-7B0D-4E34-88C2-8651A171135F}.Debug|x86.Deploy.0 = Debug|x86
		{B0ABCE71-7B0D-4E34-88C2-8651A171135F}.Release|Any CPU.ActiveCfg = Release|x86
		{B0ABCE71-7B0D-4E34-88C2-8651A171135F}.Release|ARM.ActiveCfg = Release|ARM
		{B0ABCE71-7B0D-4E34-88C2-8651A171135F}.Release|ARM.Build.0 = Release|ARM
		{B0ABCE71-7B0D-4E34-88C2-8651A171135F}.Release|ARM.Deploy.0 = Release|ARM
		{B0ABCE71-7B0D-4E34-88C2-8651A171135F}.Release|iPhone.ActiveCfg = Release|x86
		{B0ABCE71-7B0D-4E34-88C2-8651A171135F}.Release|iPhoneSimulator.ActiveCfg = Release|x86
		{B0ABCE71-7B0D-4E34-88C2-8651A171135F}.Release|x64.ActiveCfg = Release|x64
		{B0ABCE71-7B0D-4E34-88C2-8651A171135F}.Release|x64.Build.0 = Release|x64
		{B0ABCE71-7B0D-4E34-88C2-8651A171135F}.Release|x64.Deploy.0 = Release|x64
		{B0ABCE71-7B0D-4E34-88C2-8651A171135F}.Release|x86.ActiveCfg = Release|x86
		{B0ABCE71-7B0D-4E34-88C2-8651A171135F}.Release|x86.Build.0 = Release|x86
		{B0ABCE71-7B0D-4E34-88C2-8651A171135F}.Release|x86.Deploy.0 = Release|x86
		{E82E09A6-3819-4AE4-B8FD-44230052D23A}.Ad-Hoc|Any CPU.ActiveCfg = Release|Any CPU
		{E82E09A6-3819-4AE4-B8FD-44230052D23A}.Ad-Hoc|Any CPU.Build.0 = Release|Any CPU
		{E82E09A6-3819-4AE4-B8FD-44230052D23A}.Ad-Hoc|Any CPU.Deploy.0 = Release|Any CPU
		{E82E09A6-3819-4AE4-B8FD-44230052D23A}.Ad-Hoc|ARM.ActiveCfg = Release|ARM
		{E82E09A6-3819-4AE4-B8FD-44230052D23A}.Ad-Hoc|ARM.Build.0 = Release|ARM
		{E82E09A6-3819-4AE4-B8FD-44230052D23A}.Ad-Hoc|ARM.Deploy.0 = Release|ARM
		{E82E09A6-3819-4AE4-B8FD-44230052D23A}.Ad-Hoc|iPhone.ActiveCfg = Release|Any CPU
		{E82E09A6-3819-4AE4-B8FD-44230052D23A}.Ad-Hoc|iPhone.Build.0 = Release|Any CPU
		{E82E09A6-3819-4AE4-B8FD-44230052D23A}.Ad-Hoc|iPhone.Deploy.0 = Release|Any CPU
		{E82E09A6-3819-4AE4-B8FD-44230052D23A}.Ad-Hoc|iPhoneSimulator.ActiveCfg = Release|Any CPU
		{E82E09A6-3819-4AE4-B8FD-44230052D23A}.Ad-Hoc|iPhoneSimulator.Build.0 = Release|Any CPU
		{E82E09A6-3819-4AE4-B8FD-44230052D23A}.Ad-Hoc|iPhoneSimulator.Deploy.0 = Release|Any CPU
		{E82E09A6-3819-4AE4-B8FD-44230052D23A}.Ad-Hoc|x64.ActiveCfg = Release|x64
		{E82E09A6-3819-4AE4-B8FD-44230052D23A}.Ad-Hoc|x64.Build.0 = Release|x64
		{E82E09A6-3819-4AE4-B8FD-44230052D23A}.Ad-Hoc|x64.Deploy.0 = Release|x64
		{E82E09A6-3819-4AE4-B8FD-44230052D23A}.Ad-Hoc|x86.ActiveCfg = Release|x86
		{E82E09A6-3819-4AE4-B8FD-44230052D23A}.Ad-Hoc|x86.Build.0 = Release|x86
		{E82E09A6-3819-4AE4-B8FD-44230052D23A}.Ad-Hoc|x86.Deploy.0 = Release|x86
		{E82E09A6-3819-4AE4-B8FD-44230052D23A}.AppStore|Any CPU.ActiveCfg = Release|Any CPU
		{E82E09A6-3819-4AE4-B8FD-44230052D23A}.AppStore|Any CPU.Build.0 = Release|Any CPU
		{E82E09A6-3819-4AE4-B8FD-44230052D23A}.AppStore|Any CPU.Deploy.0 = Release|Any CPU
		{E82E09A6-3819-4AE4-B8FD-44230052D23A}.AppStore|ARM.ActiveCfg = Release|ARM
		{E82E09A6-3819-4AE4-B8FD-44230052D23A}.AppStore|ARM.Build.0 = Release|ARM
		{E82E09A6-3819-4AE4-B8FD-44230052D23A}.AppStore|ARM.Deploy.0 = Release|ARM
		{E82E09A6-3819-4AE4-B8FD-44230052D23A}.AppStore|iPhone.ActiveCfg = Release|Any CPU
		{E82E09A6-3819-4AE4-B8FD-44230052D23A}.AppStore|iPhone.Build.0 = Release|Any CPU
		{E82E09A6-3819-4AE4-B8FD-44230052D23A}.AppStore|iPhone.Deploy.0 = Release|Any CPU
		{E82E09A6-3819-4AE4-B8FD-44230052D23A}.AppStore|iPhoneSimulator.ActiveCfg = Release|Any CPU
		{E82E09A6-3819-4AE4-B8FD-44230052D23A}.AppStore|iPhoneSimulator.Build.0 = Release|Any CPU
		{E82E09A6-3819-4AE4-B8FD-44230052D23A}.AppStore|iPhoneSimulator.Deploy.0 = Release|Any CPU
		{E82E09A6-3819-4AE4-B8FD-44230052D23A}.AppStore|x64.ActiveCfg = Release|x64
		{E82E09A6-3819-4AE4-B8FD-44230052D23A}.AppStore|x64.Build.0 = Release|x64
		{E82E09A6-3819-4AE4-B8FD-44230052D23A}.AppStore|x64.Deploy.0 = Release|x64
		{E82E09A6-3819-4AE4-B8FD-44230052D23A}.AppStore|x86.ActiveCfg = Release|x86
		{E82E09A6-3819-4AE4-B8FD-44230052D23A}.AppStore|x86.Build.0 = Release|x86
		{E82E09A6-3819-4AE4-B8FD-44230052D23A}.AppStore|x86.Deploy.0 = Release|x86
		{E82E09A6-3819-4AE4-B8FD-44230052D23A}.Debug|Any CPU.ActiveCfg = Debug|Any CPU
		{E82E09A6-3819-4AE4-B8FD-44230052D23A}.Debug|Any CPU.Build.0 = Debug|Any CPU
		{E82E09A6-3819-4AE4-B8FD-44230052D23A}.Debug|Any CPU.Deploy.0 = Debug|Any CPU
		{E82E09A6-3819-4AE4-B8FD-44230052D23A}.Debug|ARM.ActiveCfg = Debug|ARM
		{E82E09A6-3819-4AE4-B8FD-44230052D23A}.Debug|ARM.Build.0 = Debug|ARM
		{E82E09A6-3819-4AE4-B8FD-44230052D23A}.Debug|ARM.Deploy.0 = Debug|ARM
		{E82E09A6-3819-4AE4-B8FD-44230052D23A}.Debug|iPhone.ActiveCfg = Debug|Any CPU
		{E82E09A6-3819-4AE4-B8FD-44230052D23A}.Debug|iPhone.Build.0 = Debug|Any CPU
		{E82E09A6-3819-4AE4-B8FD-44230052D23A}.Debug|iPhone.Deploy.0 = Debug|Any CPU
		{E82E09A6-3819-4AE4-B8FD-44230052D23A}.Debug|iPhoneSimulator.ActiveCfg = Debug|Any CPU
		{E82E09A6-3819-4AE4-B8FD-44230052D23A}.Debug|iPhoneSimulator.Build.0 = Debug|Any CPU
		{E82E09A6-3819-4AE4-B8FD-44230052D23A}.Debug|iPhoneSimulator.Deploy.0 = Debug|Any CPU
		{E82E09A6-3819-4AE4-B8FD-44230052D23A}.Debug|x64.ActiveCfg = Debug|x64
		{E82E09A6-3819-4AE4-B8FD-44230052D23A}.Debug|x64.Build.0 = Debug|x64
		{E82E09A6-3819-4AE4-B8FD-44230052D23A}.Debug|x64.Deploy.0 = Debug|x64
		{E82E09A6-3819-4AE4-B8FD-44230052D23A}.Debug|x86.ActiveCfg = Debug|x86
		{E82E09A6-3819-4AE4-B8FD-44230052D23A}.Debug|x86.Build.0 = Debug|x86
		{E82E09A6-3819-4AE4-B8FD-44230052D23A}.Debug|x86.Deploy.0 = Debug|x86
		{E82E09A6-3819-4AE4-B8FD-44230052D23A}.Release|Any CPU.ActiveCfg = Release|Any CPU
		{E82E09A6-3819-4AE4-B8FD-44230052D23A}.Release|Any CPU.Build.0 = Release|Any CPU
		{E82E09A6-3819-4AE4-B8FD-44230052D23A}.Release|Any CPU.Deploy.0 = Release|Any CPU
		{E82E09A6-3819-4AE4-B8FD-44230052D23A}.Release|ARM.ActiveCfg = Release|ARM
		{E82E09A6-3819-4AE4-B8FD-44230052D23A}.Release|ARM.Build.0 = Release|ARM
		{E82E09A6-3819-4AE4-B8FD-44230052D23A}.Release|ARM.Deploy.0 = Release|ARM
		{E82E09A6-3819-4AE4-B8FD-44230052D23A}.Release|iPhone.ActiveCfg = Release|Any CPU
		{E82E09A6-3819-4AE4-B8FD-44230052D23A}.Release|iPhone.Build.0 = Release|Any CPU
		{E82E09A6-3819-4AE4-B8FD-44230052D23A}.Release|iPhone.Deploy.0 = Release|Any CPU
		{E82E09A6-3819-4AE4-B8FD-44230052D23A}.Release|iPhoneSimulator.ActiveCfg = Release|Any CPU
		{E82E09A6-3819-4AE4-B8FD-44230052D23A}.Release|iPhoneSimulator.Build.0 = Release|Any CPU
		{E82E09A6-3819-4AE4-B8FD-44230052D23A}.Release|iPhoneSimulator.Deploy.0 = Release|Any CPU
		{E82E09A6-3819-4AE4-B8FD-44230052D23A}.Release|x64.ActiveCfg = Release|x64
		{E82E09A6-3819-4AE4-B8FD-44230052D23A}.Release|x64.Build.0 = Release|x64
		{E82E09A6-3819-4AE4-B8FD-44230052D23A}.Release|x64.Deploy.0 = Release|x64
		{E82E09A6-3819-4AE4-B8FD-44230052D23A}.Release|x86.ActiveCfg = Release|x86
		{E82E09A6-3819-4AE4-B8FD-44230052D23A}.Release|x86.Build.0 = Release|x86
		{E82E09A6-3819-4AE4-B8FD-44230052D23A}.Release|x86.Deploy.0 = Release|x86
		{F2020898-55A4-45D0-A31F-CBED93D8F585}.Ad-Hoc|Any CPU.ActiveCfg = Release|Any CPU
		{F2020898-55A4-45D0-A31F-CBED93D8F585}.Ad-Hoc|Any CPU.Build.0 = Release|Any CPU
		{F2020898-55A4-45D0-A31F-CBED93D8F585}.Ad-Hoc|ARM.ActiveCfg = Release|Any CPU
		{F2020898-55A4-45D0-A31F-CBED93D8F585}.Ad-Hoc|ARM.Build.0 = Release|Any CPU
		{F2020898-55A4-45D0-A31F-CBED93D8F585}.Ad-Hoc|iPhone.ActiveCfg = Release|Any CPU
		{F2020898-55A4-45D0-A31F-CBED93D8F585}.Ad-Hoc|iPhone.Build.0 = Release|Any CPU
		{F2020898-55A4-45D0-A31F-CBED93D8F585}.Ad-Hoc|iPhoneSimulator.ActiveCfg = Release|Any CPU
		{F2020898-55A4-45D0-A31F-CBED93D8F585}.Ad-Hoc|iPhoneSimulator.Build.0 = Release|Any CPU
		{F2020898-55A4-45D0-A31F-CBED93D8F585}.Ad-Hoc|x64.ActiveCfg = Release|Any CPU
		{F2020898-55A4-45D0-A31F-CBED93D8F585}.Ad-Hoc|x64.Build.0 = Release|Any CPU
		{F2020898-55A4-45D0-A31F-CBED93D8F585}.Ad-Hoc|x86.ActiveCfg = Release|Any CPU
		{F2020898-55A4-45D0-A31F-CBED93D8F585}.Ad-Hoc|x86.Build.0 = Release|Any CPU
		{F2020898-55A4-45D0-A31F-CBED93D8F585}.AppStore|Any CPU.ActiveCfg = Release|Any CPU
		{F2020898-55A4-45D0-A31F-CBED93D8F585}.AppStore|Any CPU.Build.0 = Release|Any CPU
		{F2020898-55A4-45D0-A31F-CBED93D8F585}.AppStore|ARM.ActiveCfg = Release|Any CPU
		{F2020898-55A4-45D0-A31F-CBED93D8F585}.AppStore|ARM.Build.0 = Release|Any CPU
		{F2020898-55A4-45D0-A31F-CBED93D8F585}.AppStore|iPhone.ActiveCfg = Release|Any CPU
		{F2020898-55A4-45D0-A31F-CBED93D8F585}.AppStore|iPhone.Build.0 = Release|Any CPU
		{F2020898-55A4-45D0-A31F-CBED93D8F585}.AppStore|iPhoneSimulator.ActiveCfg = Release|Any CPU
		{F2020898-55A4-45D0-A31F-CBED93D8F585}.AppStore|iPhoneSimulator.Build.0 = Release|Any CPU
		{F2020898-55A4-45D0-A31F-CBED93D8F585}.AppStore|x64.ActiveCfg = Release|Any CPU
		{F2020898-55A4-45D0-A31F-CBED93D8F585}.AppStore|x64.Build.0 = Release|Any CPU
		{F2020898-55A4-45D0-A31F-CBED93D8F585}.AppStore|x86.ActiveCfg = Release|Any CPU
		{F2020898-55A4-45D0-A31F-CBED93D8F585}.AppStore|x86.Build.0 = Release|Any CPU
		{F2020898-55A4-45D0-A31F-CBED93D8F585}.Debug|Any CPU.ActiveCfg = Debug|Any CPU
		{F2020898-55A4-45D0-A31F-CBED93D8F585}.Debug|Any CPU.Build.0 = Debug|Any CPU
		{F2020898-55A4-45D0-A31F-CBED93D8F585}.Debug|ARM.ActiveCfg = Debug|Any CPU
		{F2020898-55A4-45D0-A31F-CBED93D8F585}.Debug|ARM.Build.0 = Debug|Any CPU
		{F2020898-55A4-45D0-A31F-CBED93D8F585}.Debug|iPhone.ActiveCfg = Debug|Any CPU
		{F2020898-55A4-45D0-A31F-CBED93D8F585}.Debug|iPhone.Build.0 = Debug|Any CPU
		{F2020898-55A4-45D0-A31F-CBED93D8F585}.Debug|iPhoneSimulator.ActiveCfg = Debug|Any CPU
		{F2020898-55A4-45D0-A31F-CBED93D8F585}.Debug|iPhoneSimulator.Build.0 = Debug|Any CPU
		{F2020898-55A4-45D0-A31F-CBED93D8F585}.Debug|x64.ActiveCfg = Debug|Any CPU
		{F2020898-55A4-45D0-A31F-CBED93D8F585}.Debug|x64.Build.0 = Debug|Any CPU
		{F2020898-55A4-45D0-A31F-CBED93D8F585}.Debug|x86.ActiveCfg = Debug|Any CPU
		{F2020898-55A4-45D0-A31F-CBED93D8F585}.Debug|x86.Build.0 = Debug|Any CPU
		{F2020898-55A4-45D0-A31F-CBED93D8F585}.Release|Any CPU.ActiveCfg = Release|Any CPU
		{F2020898-55A4-45D0-A31F-CBED93D8F585}.Release|Any CPU.Build.0 = Release|Any CPU
		{F2020898-55A4-45D0-A31F-CBED93D8F585}.Release|ARM.ActiveCfg = Release|Any CPU
		{F2020898-55A4-45D0-A31F-CBED93D8F585}.Release|ARM.Build.0 = Release|Any CPU
		{F2020898-55A4-45D0-A31F-CBED93D8F585}.Release|iPhone.ActiveCfg = Release|Any CPU
		{F2020898-55A4-45D0-A31F-CBED93D8F585}.Release|iPhone.Build.0 = Release|Any CPU
		{F2020898-55A4-45D0-A31F-CBED93D8F585}.Release|iPhoneSimulator.ActiveCfg = Release|Any CPU
		{F2020898-55A4-45D0-A31F-CBED93D8F585}.Release|iPhoneSimulator.Build.0 = Release|Any CPU
		{F2020898-55A4-45D0-A31F-CBED93D8F585}.Release|x64.ActiveCfg = Release|Any CPU
		{F2020898-55A4-45D0-A31F-CBED93D8F585}.Release|x64.Build.0 = Release|Any CPU
		{F2020898-55A4-45D0-A31F-CBED93D8F585}.Release|x86.ActiveCfg = Release|Any CPU
		{F2020898-55A4-45D0-A31F-CBED93D8F585}.Release|x86.Build.0 = Release|Any CPU
	EndGlobalSection
	GlobalSection(SolutionProperties) = preSolution
		HideSolutionNode = FALSE
	EndGlobalSection
EndGlobal
